
Microsoft Visual Studio Solution File, Format Version 12.00
# Visual Studio Version 17
VisualStudioVersion = 17.7.34031.279
MinimumVisualStudioVersion = 10.0.40219.1
Project("{FAE04EC0-301F-11D3-BF4B-00C04F79EFBC}") = "UniversalForm.Server.Model", "UniversalForm.Server.Model\UniversalForm.Server.Model.csproj", "{0F5BF89C-F3DD-4CD0-B00D-03753D33B562}"
EndProject
Project("{FAE04EC0-301F-11D3-BF4B-00C04F79EFBC}") = "UniversalForm.Client.Model", "UniversalForm.Client.Model\UniversalForm.Client.Model.csproj", "{ADAEEAE6-AEA9-431C-BD91-3493839EEDB9}"
EndProject
Project("{FAE04EC0-301F-11D3-BF4B-00C04F79EFBC}") = "UniversalForm.Client.Persistence", "UniversalForm.Client.Persistence\UniversalForm.Client.Persistence.csproj", "{D429A3AE-8EC2-4CA8-B9C0-BFC0C3E33359}"
EndProject
Project("{FAE04EC0-301F-11D3-BF4B-00C04F79EFBC}") = "UniversalForm.Client.View", "UniversalForm.Client.View\UniversalForm.Client.View.csproj", "{1056BAA3-A535-4E2B-9DB3-49672FF4996B}"
EndProject
Project("{FAE04EC0-301F-11D3-BF4B-00C04F79EFBC}") = "UniversalForm.Server.Persistence", "UniversalForm.Server.Persistence\UniversalForm.Server.Persistence.csproj", "{E82CAE0B-D68D-48E3-AAF1-A9C6460FDEBA}"
EndProject
Project("{FAE04EC0-301F-11D3-BF4B-00C04F79EFBC}") = "UniversalForm.Utils", "UniversalForm.JsonUtil\UniversalForm.Utils.csproj", "{97762550-3C6B-460A-92EB-179980B90688}"
EndProject
Project("{FAE04EC0-301F-11D3-BF4B-00C04F79EFBC}") = "UniversalForm.Server.View", "UniversalForm.Server.View\UniversalForm.Server.View.csproj", "{25C40D0F-2364-417A-841E-0EAD6F21C0D4}"
EndProject
Project("{FAE04EC0-301F-11D3-BF4B-00C04F79EFBC}") = "UniversalForm.Server.Test", "UniversalForm.Server.Test\UniversalForm.Server.Test.csproj", "{3A8DA02E-CD88-4FAB-BA1D-3FD0BF37A2FE}"
EndProject
Project("{FAE04EC0-301F-11D3-BF4B-00C04F79EFBC}") = "UniversalForms.TestUtils", "UniversalForms.TestUtils\UniversalForms.TestUtils.csproj", "{4EB750A4-4605-4317-99F6-BEAF8B9518E2}"
EndProject
Project("{FAE04EC0-301F-11D3-BF4B-00C04F79EFBC}") = "BinWriter", "BinWriter\BinWriter.csproj", "{BE6B6AEC-6749-4AC5-9899-9BA900EB8E41}"
EndProject
Global
	GlobalSection(SolutionConfigurationPlatforms) = preSolution
		Debug|Any CPU = Debug|Any CPU
		Release|Any CPU = Release|Any CPU
	EndGlobalSection
	GlobalSection(ProjectConfigurationPlatforms) = postSolution
		{0F5BF89C-F3DD-4CD0-B00D-03753D33B562}.Debug|Any CPU.ActiveCfg = Debug|Any CPU
		{0F5BF89C-F3DD-4CD0-B00D-03753D33B562}.Debug|Any CPU.Build.0 = Debug|Any CPU
		{0F5BF89C-F3DD-4CD0-B00D-03753D33B562}.Release|Any CPU.ActiveCfg = Release|Any CPU
		{0F5BF89C-F3DD-4CD0-B00D-03753D33B562}.Release|Any CPU.Build.0 = Release|Any CPU
		{ADAEEAE6-AEA9-431C-BD91-3493839EEDB9}.Debug|Any CPU.ActiveCfg = Debug|Any CPU
		{ADAEEAE6-AEA9-431C-BD91-3493839EEDB9}.Debug|Any CPU.Build.0 = Debug|Any CPU
		{ADAEEAE6-AEA9-431C-BD91-3493839EEDB9}.Release|Any CPU.ActiveCfg = Release|Any CPU
		{ADAEEAE6-AEA9-431C-BD91-3493839EEDB9}.Release|Any CPU.Build.0 = Release|Any CPU
		{D429A3AE-8EC2-4CA8-B9C0-BFC0C3E33359}.Debug|Any CPU.ActiveCfg = Debug|Any CPU
		{D429A3AE-8EC2-4CA8-B9C0-BFC0C3E33359}.Debug|Any CPU.Build.0 = Debug|Any CPU
		{D429A3AE-8EC2-4CA8-B9C0-BFC0C3E33359}.Release|Any CPU.ActiveCfg = Release|Any CPU
		{D429A3AE-8EC2-4CA8-B9C0-BFC0C3E33359}.Release|Any CPU.Build.0 = Release|Any CPU
		{1056BAA3-A535-4E2B-9DB3-49672FF4996B}.Debug|Any CPU.ActiveCfg = Debug|Any CPU
		{1056BAA3-A535-4E2B-9DB3-49672FF4996B}.Debug|Any CPU.Build.0 = Debug|Any CPU
		{1056BAA3-A535-4E2B-9DB3-49672FF4996B}.Release|Any CPU.ActiveCfg = Release|Any CPU
		{1056BAA3-A535-4E2B-9DB3-49672FF4996B}.Release|Any CPU.Build.0 = Release|Any CPU
		{E82CAE0B-D68D-48E3-AAF1-A9C6460FDEBA}.Debug|Any CPU.ActiveCfg = Debug|Any CPU
		{E82CAE0B-D68D-48E3-AAF1-A9C6460FDEBA}.Debug|Any CPU.Build.0 = Debug|Any CPU
		{E82CAE0B-D68D-48E3-AAF1-A9C6460FDEBA}.Release|Any CPU.ActiveCfg = Release|Any CPU
		{E82CAE0B-D68D-48E3-AAF1-A9C6460FDEBA}.Release|Any CPU.Build.0 = Release|Any CPU
		{97762550-3C6B-460A-92EB-179980B90688}.Debug|Any CPU.ActiveCfg = Debug|Any CPU
		{97762550-3C6B-460A-92EB-179980B90688}.Debug|Any CPU.Build.0 = Debug|Any CPU
		{97762550-3C6B-460A-92EB-179980B90688}.Release|Any CPU.ActiveCfg = Release|Any CPU
		{97762550-3C6B-460A-92EB-179980B90688}.Release|Any CPU.Build.0 = Release|Any CPU
		{25C40D0F-2364-417A-841E-0EAD6F21C0D4}.Debug|Any CPU.ActiveCfg = Debug|Any CPU
		{25C40D0F-2364-417A-841E-0EAD6F21C0D4}.Debug|Any CPU.Build.0 = Debug|Any CPU
		{25C40D0F-2364-417A-841E-0EAD6F21C0D4}.Release|Any CPU.ActiveCfg = Release|Any CPU
		{25C40D0F-2364-417A-841E-0EAD6F21C0D4}.Release|Any CPU.Build.0 = Release|Any CPU
		{3A8DA02E-CD88-4FAB-BA1D-3FD0BF37A2FE}.Debug|Any CPU.ActiveCfg = Debug|Any CPU
		{3A8DA02E-CD88-4FAB-BA1D-3FD0BF37A2FE}.Debug|Any CPU.Build.0 = Debug|Any CPU
		{3A8DA02E-CD88-4FAB-BA1D-3FD0BF37A2FE}.Release|Any CPU.ActiveCfg = Release|Any CPU
		{3A8DA02E-CD88-4FAB-BA1D-3FD0BF37A2FE}.Release|Any CPU.Build.0 = Release|Any CPU
		{4EB750A4-4605-4317-99F6-BEAF8B9518E2}.Debug|Any CPU.ActiveCfg = Debug|Any CPU
		{4EB750A4-4605-4317-99F6-BEAF8B9518E2}.Debug|Any CPU.Build.0 = Debug|Any CPU
		{4EB750A4-4605-4317-99F6-BEAF8B9518E2}.Release|Any CPU.ActiveCfg = Release|Any CPU
		{4EB750A4-4605-4317-99F6-BEAF8B9518E2}.Release|Any CPU.Build.0 = Release|Any CPU
		{BE6B6AEC-6749-4AC5-9899-9BA900EB8E41}.Debug|Any CPU.ActiveCfg = Debug|Any CPU
		{BE6B6AEC-6749-4AC5-9899-9BA900EB8E41}.Debug|Any CPU.Build.0 = Debug|Any CPU
		{BE6B6AEC-6749-4AC5-9899-9BA900EB8E41}.Release|Any CPU.ActiveCfg = Release|Any CPU
		{BE6B6AEC-6749-4AC5-9899-9BA900EB8E41}.Release|Any CPU.Build.0 = Release|Any CPU
	EndGlobalSection
	GlobalSection(SolutionProperties) = preSolution
		HideSolutionNode = FALSE
	EndGlobalSection
	GlobalSection(ExtensibilityGlobals) = postSolution
		SolutionGuid = {12933327-92D2-4C3B-AD29-600CB21969CD}
	EndGlobalSection
EndGlobal
