
Microsoft Visual Studio Solution File, Format Version 12.00
# Visual Studio Version 17
VisualStudioVersion = 17.7.34031.279
MinimumVisualStudioVersion = 10.0.40219.1
Project("{FAE04EC0-301F-11D3-BF4B-00C04F79EFBC}") = "UniversalForm.Server", "UniversalForm.Server.csproj", "{0F5BF89C-F3DD-4CD0-B00D-03753D33B562}"
EndProject
Project("{FAE04EC0-301F-11D3-BF4B-00C04F79EFBC}") = "ClientTest", "..\ClientTest\ClientTest.csproj", "{4DD7AAEA-1618-47A3-A47A-404D36A27474}"
EndProject
Project("{FAE04EC0-301F-11D3-BF4B-00C04F79EFBC}") = "UniversalForm.Model", "..\UniversalForm.Model\UniversalForm.Model.csproj", "{ADAEEAE6-AEA9-431C-BD91-3493839EEDB9}"
EndProject
Project("{FAE04EC0-301F-11D3-BF4B-00C04F79EFBC}") = "UniversalForm.Persistence", "..\UniversalForm.Persistence\UniversalForm.Persistence.csproj", "{D429A3AE-8EC2-4CA8-B9C0-BFC0C3E33359}"
EndProject
Project("{FAE04EC0-301F-11D3-BF4B-00C04F79EFBC}") = "UniversalForm.Client", "..\UniversalForm.Client\UniversalForm.Client.csproj", "{A5D48881-7235-4A3C-9B87-DEAAF86F1E1F}"
EndProject
Project("{FAE04EC0-301F-11D3-BF4B-00C04F79EFBC}") = "testClient", "..\testClient\testClient.csproj", "{099A4BE3-00A8-4E62-A3EA-A7A746C1D5B4}"
EndProject
Global
	GlobalSection(SolutionConfigurationPlatforms) = preSolution
		Debug|Any CPU = Debug|Any CPU
		Release|Any CPU = Release|Any CPU
	EndGlobalSection
	GlobalSection(ProjectConfigurationPlatforms) = postSolution
		{0F5BF89C-F3DD-4CD0-B00D-03753D33B562}.Debug|Any CPU.ActiveCfg = Debug|Any CPU
		{0F5BF89C-F3DD-4CD0-B00D-03753D33B562}.Debug|Any CPU.Build.0 = Debug|Any CPU
		{0F5BF89C-F3DD-4CD0-B00D-03753D33B562}.Release|Any CPU.ActiveCfg = Release|Any CPU
		{0F5BF89C-F3DD-4CD0-B00D-03753D33B562}.Release|Any CPU.Build.0 = Release|Any CPU
		{4DD7AAEA-1618-47A3-A47A-404D36A27474}.Debug|Any CPU.ActiveCfg = Debug|Any CPU
		{4DD7AAEA-1618-47A3-A47A-404D36A27474}.Debug|Any CPU.Build.0 = Debug|Any CPU
		{4DD7AAEA-1618-47A3-A47A-404D36A27474}.Release|Any CPU.ActiveCfg = Release|Any CPU
		{4DD7AAEA-1618-47A3-A47A-404D36A27474}.Release|Any CPU.Build.0 = Release|Any CPU
		{ADAEEAE6-AEA9-431C-BD91-3493839EEDB9}.Debug|Any CPU.ActiveCfg = Debug|Any CPU
		{ADAEEAE6-AEA9-431C-BD91-3493839EEDB9}.Debug|Any CPU.Build.0 = Debug|Any CPU
		{ADAEEAE6-AEA9-431C-BD91-3493839EEDB9}.Release|Any CPU.ActiveCfg = Release|Any CPU
		{ADAEEAE6-AEA9-431C-BD91-3493839EEDB9}.Release|Any CPU.Build.0 = Release|Any CPU
		{D429A3AE-8EC2-4CA8-B9C0-BFC0C3E33359}.Debug|Any CPU.ActiveCfg = Debug|Any CPU
		{D429A3AE-8EC2-4CA8-B9C0-BFC0C3E33359}.Debug|Any CPU.Build.0 = Debug|Any CPU
		{D429A3AE-8EC2-4CA8-B9C0-BFC0C3E33359}.Release|Any CPU.ActiveCfg = Release|Any CPU
		{D429A3AE-8EC2-4CA8-B9C0-BFC0C3E33359}.Release|Any CPU.Build.0 = Release|Any CPU
		{A5D48881-7235-4A3C-9B87-DEAAF86F1E1F}.Debug|Any CPU.ActiveCfg = Debug|Any CPU
		{A5D48881-7235-4A3C-9B87-DEAAF86F1E1F}.Debug|Any CPU.Build.0 = Debug|Any CPU
		{A5D48881-7235-4A3C-9B87-DEAAF86F1E1F}.Release|Any CPU.ActiveCfg = Release|Any CPU
		{A5D48881-7235-4A3C-9B87-DEAAF86F1E1F}.Release|Any CPU.Build.0 = Release|Any CPU
		{099A4BE3-00A8-4E62-A3EA-A7A746C1D5B4}.Debug|Any CPU.ActiveCfg = Debug|Any CPU
		{099A4BE3-00A8-4E62-A3EA-A7A746C1D5B4}.Debug|Any CPU.Build.0 = Debug|Any CPU
		{099A4BE3-00A8-4E62-A3EA-A7A746C1D5B4}.Release|Any CPU.ActiveCfg = Release|Any CPU
		{099A4BE3-00A8-4E62-A3EA-A7A746C1D5B4}.Release|Any CPU.Build.0 = Release|Any CPU
	EndGlobalSection
	GlobalSection(SolutionProperties) = preSolution
		HideSolutionNode = FALSE
	EndGlobalSection
	GlobalSection(ExtensibilityGlobals) = postSolution
		SolutionGuid = {12933327-92D2-4C3B-AD29-600CB21969CD}
	EndGlobalSection
EndGlobal
